
Microsoft Visual Studio Solution File, Format Version 12.00
# Visual Studio Version 16
VisualStudioVersion = 16.0.29215.179
MinimumVisualStudioVersion = 10.0.40219.1
Project("{FAE04EC0-301F-11D3-BF4B-00C04F79EFBC}") = "Lab4_5_Thomas_Morris", "Lab4_5_Thomas_Morris\Lab4_5_Thomas_Morris.csproj", "{10DD7E6D-BC88-4374-8890-A79D06BDD2C0}"
EndProject
Global
	GlobalSection(SolutionConfigurationPlatforms) = preSolution
		Debug|Any CPU = Debug|Any CPU
		Release|Any CPU = Release|Any CPU
	EndGlobalSection
	GlobalSection(ProjectConfigurationPlatforms) = postSolution
		{10DD7E6D-BC88-4374-8890-A79D06BDD2C0}.Debug|Any CPU.ActiveCfg = Debug|Any CPU
		{10DD7E6D-BC88-4374-8890-A79D06BDD2C0}.Debug|Any CPU.Build.0 = Debug|Any CPU
		{10DD7E6D-BC88-4374-8890-A79D06BDD2C0}.Release|Any CPU.ActiveCfg = Release|Any CPU
		{10DD7E6D-BC88-4374-8890-A79D06BDD2C0}.Release|Any CPU.Build.0 = Release|Any CPU
	EndGlobalSection
	GlobalSection(SolutionProperties) = preSolution
		HideSolutionNode = FALSE
	EndGlobalSection
	GlobalSection(ExtensibilityGlobals) = postSolution
		SolutionGuid = {61191E72-2F09-4E24-A4B5-25E1F8C73A07}
	EndGlobalSection
EndGlobal
